
Microsoft Visual Studio Solution File, Format Version 11.00
# Visual Studio 2010
Project("{8BC9CEB8-8B4A-11D0-8D11-00A0C91BC942}") = "class snake", "class snake\class snake.vcxproj", "{34BC030A-2931-4F84-B1D2-CA39AF84AE52}"
EndProject
Global
	GlobalSection(SolutionConfigurationPlatforms) = preSolution
		Debug|Win32 = Debug|Win32
		Release|Win32 = Release|Win32
	EndGlobalSection
	GlobalSection(ProjectConfigurationPlatforms) = postSolution
		{34BC030A-2931-4F84-B1D2-CA39AF84AE52}.Debug|Win32.ActiveCfg = Debug|Win32
		{34BC030A-2931-4F84-B1D2-CA39AF84AE52}.Debug|Win32.Build.0 = Debug|Win32
		{34BC030A-2931-4F84-B1D2-CA39AF84AE52}.Release|Win32.ActiveCfg = Release|Win32
		{34BC030A-2931-4F84-B1D2-CA39AF84AE52}.Release|Win32.Build.0 = Release|Win32
	EndGlobalSection
	GlobalSection(SolutionProperties) = preSolution
		HideSolutionNode = FALSE
	EndGlobalSection
EndGlobal
